// !$*UTF8*$!
{
	archiveVersion = 1;
	classes = {
	};
	objectVersion = 46;
	objects = {

/* Begin PBXBuildFile section */
		E72ED26C15D8D7AC0057590F /* UIKit.framework in Frameworks */ = {isa = PBXBuildFile; fileRef = E72ED26B15D8D7AC0057590F /* UIKit.framework */; };
		E72ED26E15D8D7AC0057590F /* Foundation.framework in Frameworks */ = {isa = PBXBuildFile; fileRef = E72ED26D15D8D7AC0057590F /* Foundation.framework */; };
		E72ED27015D8D7AC0057590F /* CoreGraphics.framework in Frameworks */ = {isa = PBXBuildFile; fileRef = E72ED26F15D8D7AC0057590F /* CoreGraphics.framework */; };
		E72ED28D15D8D9500057590F /* CFNetwork.framework in Frameworks */ = {isa = PBXBuildFile; fileRef = E72ED28C15D8D9500057590F /* CFNetwork.framework */; };
		E72ED29015D8D95C0057590F /* SystemConfiguration.framework in Frameworks */ = {isa = PBXBuildFile; fileRef = E72ED28F15D8D95C0057590F /* SystemConfiguration.framework */; };
		E72ED29215D8D9680057590F /* Security.framework in Frameworks */ = {isa = PBXBuildFile; fileRef = E72ED29115D8D9680057590F /* Security.framework */; };
		E72ED2AA15D8D9870057590F /* NSData+Base64.m in Sources */ = {isa = PBXBuildFile; fileRef = E72ED29815D8D9870057590F /* NSData+Base64.m */; };
		E72ED2AB15D8D9870057590F /* NSDate+RFC1123.m in Sources */ = {isa = PBXBuildFile; fileRef = E72ED29A15D8D9870057590F /* NSDate+RFC1123.m */; };
		E72ED2AC15D8D9870057590F /* NSDictionary+RequestEncoding.m in Sources */ = {isa = PBXBuildFile; fileRef = E72ED29C15D8D9870057590F /* NSDictionary+RequestEncoding.m */; };
		E72ED2AD15D8D9870057590F /* NSString+MKNetworkKitAdditions.m in Sources */ = {isa = PBXBuildFile; fileRef = E72ED29E15D8D9870057590F /* NSString+MKNetworkKitAdditions.m */; };
		E72ED2AE15D8D9870057590F /* UIAlertView+MKNetworkKitAdditions.m in Sources */ = {isa = PBXBuildFile; fileRef = E72ED2A015D8D9870057590F /* UIAlertView+MKNetworkKitAdditions.m */; };
		E72ED2AF15D8D9870057590F /* MKNetworkEngine.m in Sources */ = {isa = PBXBuildFile; fileRef = E72ED2A215D8D9870057590F /* MKNetworkEngine.m */; };
		E72ED2B015D8D9870057590F /* MKNetworkOperation.m in Sources */ = {isa = PBXBuildFile; fileRef = E72ED2A515D8D9870057590F /* MKNetworkOperation.m */; };
		E72ED2B115D8D9870057590F /* Reachability.m in Sources */ = {isa = PBXBuildFile; fileRef = E72ED2A815D8D9870057590F /* Reachability.m */; };
		E72ED2B915D8DB800057590F /* main.m in Sources */ = {isa = PBXBuildFile; fileRef = E72ED2B815D8DB800057590F /* main.m */; };
		E72ED2BA15D8DB8E0057590F /* cloudinary-tester-Info.plist in Resources */ = {isa = PBXBuildFile; fileRef = E72ED2B615D8DB700057590F /* cloudinary-tester-Info.plist */; };
		E72ED2BD15D8DB9A0057590F /* InfoPlist.strings in Resources */ = {isa = PBXBuildFile; fileRef = E72ED2BB15D8DB9A0057590F /* InfoPlist.strings */; };
		E72ED2C015D8DBA70057590F /* NAViewController.xib in Resources */ = {isa = PBXBuildFile; fileRef = E72ED2BE15D8DBA70057590F /* NAViewController.xib */; };
		E72ED2C115D8DC510057590F /* NAAppDelegate.m in Sources */ = {isa = PBXBuildFile; fileRef = E72ED2B315D8DB340057590F /* NAAppDelegate.m */; };
		E72ED2C215D8DC510057590F /* NAViewController.m in Sources */ = {isa = PBXBuildFile; fileRef = E72ED2B515D8DB340057590F /* NAViewController.m */; };
/* End PBXBuildFile section */

/* Begin PBXFileReference section */
		E72ED26715D8D7AC0057590F /* cloudinary-tester.app */ = {isa = PBXFileReference; explicitFileType = wrapper.application; includeInIndex = 0; path = "cloudinary-tester.app"; sourceTree = BUILT_PRODUCTS_DIR; };
		E72ED26B15D8D7AC0057590F /* UIKit.framework */ = {isa = PBXFileReference; lastKnownFileType = wrapper.framework; name = UIKit.framework; path = System/Library/Frameworks/UIKit.framework; sourceTree = SDKROOT; };
		E72ED26D15D8D7AC0057590F /* Foundation.framework */ = {isa = PBXFileReference; lastKnownFileType = wrapper.framework; name = Foundation.framework; path = System/Library/Frameworks/Foundation.framework; sourceTree = SDKROOT; };
		E72ED26F15D8D7AC0057590F /* CoreGraphics.framework */ = {isa = PBXFileReference; lastKnownFileType = wrapper.framework; name = CoreGraphics.framework; path = System/Library/Frameworks/CoreGraphics.framework; sourceTree = SDKROOT; };
		E72ED28C15D8D9500057590F /* CFNetwork.framework */ = {isa = PBXFileReference; lastKnownFileType = wrapper.framework; name = CFNetwork.framework; path = System/Library/Frameworks/CFNetwork.framework; sourceTree = SDKROOT; };
		E72ED28F15D8D95C0057590F /* SystemConfiguration.framework */ = {isa = PBXFileReference; lastKnownFileType = wrapper.framework; name = SystemConfiguration.framework; path = System/Library/Frameworks/SystemConfiguration.framework; sourceTree = SDKROOT; };
		E72ED29115D8D9680057590F /* Security.framework */ = {isa = PBXFileReference; lastKnownFileType = wrapper.framework; name = Security.framework; path = System/Library/Frameworks/Security.framework; sourceTree = SDKROOT; };
		E72ED29715D8D9870057590F /* NSData+Base64.h */ = {isa = PBXFileReference; fileEncoding = 4; lastKnownFileType = sourcecode.c.h; path = "NSData+Base64.h"; sourceTree = "<group>"; };
		E72ED29815D8D9870057590F /* NSData+Base64.m */ = {isa = PBXFileReference; fileEncoding = 4; lastKnownFileType = sourcecode.c.objc; path = "NSData+Base64.m"; sourceTree = "<group>"; };
		E72ED29915D8D9870057590F /* NSDate+RFC1123.h */ = {isa = PBXFileReference; fileEncoding = 4; lastKnownFileType = sourcecode.c.h; path = "NSDate+RFC1123.h"; sourceTree = "<group>"; };
		E72ED29A15D8D9870057590F /* NSDate+RFC1123.m */ = {isa = PBXFileReference; fileEncoding = 4; lastKnownFileType = sourcecode.c.objc; path = "NSDate+RFC1123.m"; sourceTree = "<group>"; };
		E72ED29B15D8D9870057590F /* NSDictionary+RequestEncoding.h */ = {isa = PBXFileReference; fileEncoding = 4; lastKnownFileType = sourcecode.c.h; path = "NSDictionary+RequestEncoding.h"; sourceTree = "<group>"; };
		E72ED29C15D8D9870057590F /* NSDictionary+RequestEncoding.m */ = {isa = PBXFileReference; fileEncoding = 4; lastKnownFileType = sourcecode.c.objc; path = "NSDictionary+RequestEncoding.m"; sourceTree = "<group>"; };
		E72ED29D15D8D9870057590F /* NSString+MKNetworkKitAdditions.h */ = {isa = PBXFileReference; fileEncoding = 4; lastKnownFileType = sourcecode.c.h; path = "NSString+MKNetworkKitAdditions.h"; sourceTree = "<group>"; };
		E72ED29E15D8D9870057590F /* NSString+MKNetworkKitAdditions.m */ = {isa = PBXFileReference; fileEncoding = 4; lastKnownFileType = sourcecode.c.objc; path = "NSString+MKNetworkKitAdditions.m"; sourceTree = "<group>"; };
		E72ED29F15D8D9870057590F /* UIAlertView+MKNetworkKitAdditions.h */ = {isa = PBXFileReference; fileEncoding = 4; lastKnownFileType = sourcecode.c.h; path = "UIAlertView+MKNetworkKitAdditions.h"; sourceTree = "<group>"; };
		E72ED2A015D8D9870057590F /* UIAlertView+MKNetworkKitAdditions.m */ = {isa = PBXFileReference; fileEncoding = 4; lastKnownFileType = sourcecode.c.objc; path = "UIAlertView+MKNetworkKitAdditions.m"; sourceTree = "<group>"; };
		E72ED2A115D8D9870057590F /* MKNetworkEngine.h */ = {isa = PBXFileReference; fileEncoding = 4; lastKnownFileType = sourcecode.c.h; path = MKNetworkEngine.h; sourceTree = "<group>"; };
		E72ED2A215D8D9870057590F /* MKNetworkEngine.m */ = {isa = PBXFileReference; fileEncoding = 4; lastKnownFileType = sourcecode.c.objc; path = MKNetworkEngine.m; sourceTree = "<group>"; };
		E72ED2A315D8D9870057590F /* MKNetworkKit.h */ = {isa = PBXFileReference; fileEncoding = 4; lastKnownFileType = sourcecode.c.h; path = MKNetworkKit.h; sourceTree = "<group>"; };
		E72ED2A415D8D9870057590F /* MKNetworkOperation.h */ = {isa = PBXFileReference; fileEncoding = 4; lastKnownFileType = sourcecode.c.h; path = MKNetworkOperation.h; sourceTree = "<group>"; };
		E72ED2A515D8D9870057590F /* MKNetworkOperation.m */ = {isa = PBXFileReference; fileEncoding = 4; lastKnownFileType = sourcecode.c.objc; path = MKNetworkOperation.m; sourceTree = "<group>"; };
		E72ED2A715D8D9870057590F /* Reachability.h */ = {isa = PBXFileReference; fileEncoding = 4; lastKnownFileType = sourcecode.c.h; path = Reachability.h; sourceTree = "<group>"; };
		E72ED2A815D8D9870057590F /* Reachability.m */ = {isa = PBXFileReference; fileEncoding = 4; lastKnownFileType = sourcecode.c.objc; path = Reachability.m; sourceTree = "<group>"; };
		E72ED2B215D8DB340057590F /* NAAppDelegate.h */ = {isa = PBXFileReference; fileEncoding = 4; lastKnownFileType = sourcecode.c.h; name = NAAppDelegate.h; path = "cloudinary-tester/NAAppDelegate.h"; sourceTree = SOURCE_ROOT; };
		E72ED2B315D8DB340057590F /* NAAppDelegate.m */ = {isa = PBXFileReference; lastKnownFileType = sourcecode.c.objc; name = NAAppDelegate.m; path = "cloudinary-tester/NAAppDelegate.m"; sourceTree = SOURCE_ROOT; };
		E72ED2B415D8DB340057590F /* NAViewController.h */ = {isa = PBXFileReference; lastKnownFileType = sourcecode.c.h; name = NAViewController.h; path = "cloudinary-tester/NAViewController.h"; sourceTree = SOURCE_ROOT; };
		E72ED2B515D8DB340057590F /* NAViewController.m */ = {isa = PBXFileReference; lastKnownFileType = sourcecode.c.objc; name = NAViewController.m; path = "cloudinary-tester/NAViewController.m"; sourceTree = SOURCE_ROOT; };
		E72ED2B615D8DB700057590F /* cloudinary-tester-Info.plist */ = {isa = PBXFileReference; fileEncoding = 4; lastKnownFileType = text.plist.xml; name = "cloudinary-tester-Info.plist"; path = "cloudinary-tester/cloudinary-tester-Info.plist"; sourceTree = SOURCE_ROOT; };
		E72ED2B715D8DB700057590F /* cloudinary-tester-Prefix.pch */ = {isa = PBXFileReference; lastKnownFileType = sourcecode.c.h; name = "cloudinary-tester-Prefix.pch"; path = "cloudinary-tester/cloudinary-tester-Prefix.pch"; sourceTree = SOURCE_ROOT; };
		E72ED2B815D8DB800057590F /* main.m */ = {isa = PBXFileReference; fileEncoding = 4; lastKnownFileType = sourcecode.c.objc; name = main.m; path = "cloudinary-tester/main.m"; sourceTree = SOURCE_ROOT; };
		E72ED2BC15D8DB9A0057590F /* en */ = {isa = PBXFileReference; lastKnownFileType = text.plist.strings; name = en; path = "cloudinary-tester/en.lproj/InfoPlist.strings"; sourceTree = SOURCE_ROOT; };
		E72ED2BF15D8DBA70057590F /* en */ = {isa = PBXFileReference; lastKnownFileType = file.xib; name = en; path = "cloudinary-tester/en.lproj/NAViewController.xib"; sourceTree = SOURCE_ROOT; };
/* End PBXFileReference section */

/* Begin PBXFrameworksBuildPhase section */
		E72ED26415D8D7AC0057590F /* Frameworks */ = {
			isa = PBXFrameworksBuildPhase;
			buildActionMask = 2147483647;
			files = (
				E72ED29215D8D9680057590F /* Security.framework in Frameworks */,
				E72ED29015D8D95C0057590F /* SystemConfiguration.framework in Frameworks */,
				E72ED28D15D8D9500057590F /* CFNetwork.framework in Frameworks */,
				E72ED26C15D8D7AC0057590F /* UIKit.framework in Frameworks */,
				E72ED26E15D8D7AC0057590F /* Foundation.framework in Frameworks */,
				E72ED27015D8D7AC0057590F /* CoreGraphics.framework in Frameworks */,
			);
			runOnlyForDeploymentPostprocessing = 0;
		};
/* End PBXFrameworksBuildPhase section */

/* Begin PBXGroup section */
		E72ED25C15D8D7AC0057590F = {
			isa = PBXGroup;
			children = (
				E72ED27115D8D7AC0057590F /* cloudinary-tester */,
				E72ED29315D8D9870057590F /* MKNetworkKit */,
				E72ED26A15D8D7AC0057590F /* Frameworks */,
				E72ED26815D8D7AC0057590F /* Products */,
			);
			sourceTree = "<group>";
		};
		E72ED26815D8D7AC0057590F /* Products */ = {
			isa = PBXGroup;
			children = (
				E72ED26715D8D7AC0057590F /* cloudinary-tester.app */,
			);
			name = Products;
			sourceTree = "<group>";
		};
		E72ED26A15D8D7AC0057590F /* Frameworks */ = {
			isa = PBXGroup;
			children = (
				E72ED28C15D8D9500057590F /* CFNetwork.framework */,
				E72ED26F15D8D7AC0057590F /* CoreGraphics.framework */,
				E72ED26D15D8D7AC0057590F /* Foundation.framework */,
				E72ED29115D8D9680057590F /* Security.framework */,
				E72ED28F15D8D95C0057590F /* SystemConfiguration.framework */,
				E72ED26B15D8D7AC0057590F /* UIKit.framework */,
			);
			name = Frameworks;
			sourceTree = "<group>";
		};
		E72ED27115D8D7AC0057590F /* cloudinary-tester */ = {
			isa = PBXGroup;
			children = (
				E72ED2B215D8DB340057590F /* NAAppDelegate.h */,
				E72ED2B315D8DB340057590F /* NAAppDelegate.m */,
				E72ED2B415D8DB340057590F /* NAViewController.h */,
				E72ED2B515D8DB340057590F /* NAViewController.m */,
				E72ED2BE15D8DBA70057590F /* NAViewController.xib */,
				E72ED27215D8D7AC0057590F /* Supporting Files */,
			);
			name = "cloudinary-tester";
			path = "cloudinary-uploader";
			sourceTree = "<group>";
		};
		E72ED27215D8D7AC0057590F /* Supporting Files */ = {
			isa = PBXGroup;
			children = (
				E72ED2B615D8DB700057590F /* cloudinary-tester-Info.plist */,
				E72ED2BB15D8DB9A0057590F /* InfoPlist.strings */,
				E72ED2B815D8DB800057590F /* main.m */,
				E72ED2B715D8DB700057590F /* cloudinary-tester-Prefix.pch */,
			);
			name = "Supporting Files";
			sourceTree = "<group>";
		};
		E72ED29315D8D9870057590F /* MKNetworkKit */ = {
			isa = PBXGroup;
			children = (
				E72ED29415D8D9870057590F /* Categories */,
				E72ED2A115D8D9870057590F /* MKNetworkEngine.h */,
				E72ED2A215D8D9870057590F /* MKNetworkEngine.m */,
				E72ED2A315D8D9870057590F /* MKNetworkKit.h */,
				E72ED2A415D8D9870057590F /* MKNetworkOperation.h */,
				E72ED2A515D8D9870057590F /* MKNetworkOperation.m */,
				E72ED2A615D8D9870057590F /* Reachability */,
			);
			name = MKNetworkKit;
			path = Submodules/MKNetworkKit/MKNetworkKit;
			sourceTree = "<group>";
		};
		E72ED29415D8D9870057590F /* Categories */ = {
			isa = PBXGroup;
			children = (
				E72ED29715D8D9870057590F /* NSData+Base64.h */,
				E72ED29815D8D9870057590F /* NSData+Base64.m */,
				E72ED29915D8D9870057590F /* NSDate+RFC1123.h */,
				E72ED29A15D8D9870057590F /* NSDate+RFC1123.m */,
				E72ED29B15D8D9870057590F /* NSDictionary+RequestEncoding.h */,
				E72ED29C15D8D9870057590F /* NSDictionary+RequestEncoding.m */,
				E72ED29D15D8D9870057590F /* NSString+MKNetworkKitAdditions.h */,
				E72ED29E15D8D9870057590F /* NSString+MKNetworkKitAdditions.m */,
				E72ED29F15D8D9870057590F /* UIAlertView+MKNetworkKitAdditions.h */,
				E72ED2A015D8D9870057590F /* UIAlertView+MKNetworkKitAdditions.m */,
			);
			path = Categories;
			sourceTree = "<group>";
		};
		E72ED2A615D8D9870057590F /* Reachability */ = {
			isa = PBXGroup;
			children = (
				E72ED2A715D8D9870057590F /* Reachability.h */,
				E72ED2A815D8D9870057590F /* Reachability.m */,
			);
			path = Reachability;
			sourceTree = "<group>";
		};
/* End PBXGroup section */

/* Begin PBXNativeTarget section */
		E72ED26615D8D7AC0057590F /* cloudinary-tester */ = {
			isa = PBXNativeTarget;
			buildConfigurationList = E72ED28515D8D7AC0057590F /* Build configuration list for PBXNativeTarget "cloudinary-tester" */;
			buildPhases = (
				E72ED26315D8D7AC0057590F /* Sources */,
				E72ED26415D8D7AC0057590F /* Frameworks */,
				E72ED26515D8D7AC0057590F /* Resources */,
			);
			buildRules = (
			);
			dependencies = (
			);
			name = "cloudinary-tester";
			productName = "cloudinary-uploader";
			productReference = E72ED26715D8D7AC0057590F /* cloudinary-tester.app */;
			productType = "com.apple.product-type.application";
		};
/* End PBXNativeTarget section */

/* Begin PBXProject section */
		E72ED25E15D8D7AC0057590F /* Project object */ = {
			isa = PBXProject;
			attributes = {
				CLASSPREFIX = NA;
				LastUpgradeCheck = 0440;
				ORGANIZATIONNAME = "Network Anomaly";
			};
			buildConfigurationList = E72ED26115D8D7AC0057590F /* Build configuration list for PBXProject "cloudinary-tester" */;
			compatibilityVersion = "Xcode 3.2";
			developmentRegion = English;
			hasScannedForEncodings = 0;
			knownRegions = (
				en,
			);
			mainGroup = E72ED25C15D8D7AC0057590F;
			productRefGroup = E72ED26815D8D7AC0057590F /* Products */;
			projectDirPath = "";
			projectRoot = "";
			targets = (
				E72ED26615D8D7AC0057590F /* cloudinary-tester */,
			);
		};
/* End PBXProject section */

/* Begin PBXResourcesBuildPhase section */
		E72ED26515D8D7AC0057590F /* Resources */ = {
			isa = PBXResourcesBuildPhase;
			buildActionMask = 2147483647;
			files = (
				E72ED2BA15D8DB8E0057590F /* cloudinary-tester-Info.plist in Resources */,
				E72ED2BD15D8DB9A0057590F /* InfoPlist.strings in Resources */,
				E72ED2C015D8DBA70057590F /* NAViewController.xib in Resources */,
			);
			runOnlyForDeploymentPostprocessing = 0;
		};
/* End PBXResourcesBuildPhase section */

/* Begin PBXSourcesBuildPhase section */
		E72ED26315D8D7AC0057590F /* Sources */ = {
			isa = PBXSourcesBuildPhase;
			buildActionMask = 2147483647;
			files = (
				E72ED2C115D8DC510057590F /* NAAppDelegate.m in Sources */,
				E72ED2C215D8DC510057590F /* NAViewController.m in Sources */,
				E72ED2AA15D8D9870057590F /* NSData+Base64.m in Sources */,
				E72ED2AB15D8D9870057590F /* NSDate+RFC1123.m in Sources */,
				E72ED2AC15D8D9870057590F /* NSDictionary+RequestEncoding.m in Sources */,
				E72ED2AD15D8D9870057590F /* NSString+MKNetworkKitAdditions.m in Sources */,
				E72ED2AE15D8D9870057590F /* UIAlertView+MKNetworkKitAdditions.m in Sources */,
				E72ED2AF15D8D9870057590F /* MKNetworkEngine.m in Sources */,
				E72ED2B015D8D9870057590F /* MKNetworkOperation.m in Sources */,
				E72ED2B115D8D9870057590F /* Reachability.m in Sources */,
				E72ED2B915D8DB800057590F /* main.m in Sources */,
			);
			runOnlyForDeploymentPostprocessing = 0;
		};
/* End PBXSourcesBuildPhase section */

/* Begin PBXVariantGroup section */
		E72ED2BB15D8DB9A0057590F /* InfoPlist.strings */ = {
			isa = PBXVariantGroup;
			children = (
				E72ED2BC15D8DB9A0057590F /* en */,
			);
			name = InfoPlist.strings;
			sourceTree = "<group>";
		};
		E72ED2BE15D8DBA70057590F /* NAViewController.xib */ = {
			isa = PBXVariantGroup;
			children = (
				E72ED2BF15D8DBA70057590F /* en */,
			);
			name = NAViewController.xib;
			sourceTree = "<group>";
		};
/* End PBXVariantGroup section */

/* Begin XCBuildConfiguration section */
		E72ED28315D8D7AC0057590F /* Debug */ = {
			isa = XCBuildConfiguration;
			buildSettings = {
				ALWAYS_SEARCH_USER_PATHS = NO;
				ARCHS = "$(ARCHS_STANDARD_32_BIT)";
				CLANG_CXX_LANGUAGE_STANDARD = "gnu++0x";
				CLANG_ENABLE_OBJC_ARC = YES;
				CLANG_WARN__DUPLICATE_METHOD_MATCH = YES;
				"CODE_SIGN_IDENTITY[sdk=iphoneos*]" = "iPhone Developer";
				COPY_PHASE_STRIP = NO;
				GCC_C_LANGUAGE_STANDARD = gnu99;
				GCC_DYNAMIC_NO_PIC = NO;
				GCC_OPTIMIZATION_LEVEL = 0;
				GCC_PREPROCESSOR_DEFINITIONS = (
					"DEBUG=1",
					"$(inherited)",
				);
				GCC_SYMBOLS_PRIVATE_EXTERN = NO;
				GCC_VERSION = com.apple.compilers.llvm.clang.1_0;
				GCC_WARN_ABOUT_RETURN_TYPE = YES;
				GCC_WARN_UNINITIALIZED_AUTOS = YES;
				GCC_WARN_UNUSED_VARIABLE = YES;
				IPHONEOS_DEPLOYMENT_TARGET = 5.1;
				SDKROOT = iphoneos;
			};
			name = Debug;
		};
		E72ED28415D8D7AC0057590F /* Release */ = {
			isa = XCBuildConfiguration;
			buildSettings = {
				ALWAYS_SEARCH_USER_PATHS = NO;
				ARCHS = "$(ARCHS_STANDARD_32_BIT)";
				CLANG_CXX_LANGUAGE_STANDARD = "gnu++0x";
				CLANG_ENABLE_OBJC_ARC = YES;
				CLANG_WARN__DUPLICATE_METHOD_MATCH = YES;
				"CODE_SIGN_IDENTITY[sdk=iphoneos*]" = "iPhone Developer";
				COPY_PHASE_STRIP = YES;
				GCC_C_LANGUAGE_STANDARD = gnu99;
				GCC_VERSION = com.apple.compilers.llvm.clang.1_0;
				GCC_WARN_ABOUT_RETURN_TYPE = YES;
				GCC_WARN_UNINITIALIZED_AUTOS = YES;
				GCC_WARN_UNUSED_VARIABLE = YES;
				IPHONEOS_DEPLOYMENT_TARGET = 5.1;
				OTHER_CFLAGS = "-DNS_BLOCK_ASSERTIONS=1";
				SDKROOT = iphoneos;
				VALIDATE_PRODUCT = YES;
			};
			name = Release;
		};
		E72ED28615D8D7AC0057590F /* Debug */ = {
			isa = XCBuildConfiguration;
			buildSettings = {
				GCC_PRECOMPILE_PREFIX_HEADER = YES;
				GCC_PREFIX_HEADER = "cloudinary-tester/cloudinary-tester-Prefix.pch";
				INFOPLIST_FILE = "$(SRCROOT)/cloudinary-tester/cloudinary-tester-Info.plist";
				PRODUCT_NAME = "cloudinary-tester";
				WRAPPER_EXTENSION = app;
			};
			name = Debug;
		};
		E72ED28715D8D7AC0057590F /* Release */ = {
			isa = XCBuildConfiguration;
			buildSettings = {
				GCC_PRECOMPILE_PREFIX_HEADER = YES;
				GCC_PREFIX_HEADER = "cloudinary-tester/cloudinary-tester-Prefix.pch";
				INFOPLIST_FILE = "$(SRCROOT)/cloudinary-tester/cloudinary-tester-Info.plist";
				PRODUCT_NAME = "cloudinary-tester";
				WRAPPER_EXTENSION = app;
			};
			name = Release;
		};
/* End XCBuildConfiguration section */

/* Begin XCConfigurationList section */
		E72ED26115D8D7AC0057590F /* Build configuration list for PBXProject "cloudinary-tester" */ = {
			isa = XCConfigurationList;
			buildConfigurations = (
				E72ED28315D8D7AC0057590F /* Debug */,
				E72ED28415D8D7AC0057590F /* Release */,
			);
			defaultConfigurationIsVisible = 0;
			defaultConfigurationName = Release;
		};
		E72ED28515D8D7AC0057590F /* Build configuration list for PBXNativeTarget "cloudinary-tester" */ = {
			isa = XCConfigurationList;
			buildConfigurations = (
				E72ED28615D8D7AC0057590F /* Debug */,
				E72ED28715D8D7AC0057590F /* Release */,
			);
			defaultConfigurationIsVisible = 0;
			defaultConfigurationName = Release;
		};
/* End XCConfigurationList section */
	};
	rootObject = E72ED25E15D8D7AC0057590F /* Project object */;
}
